
Microsoft Visual Studio Solution File, Format Version 12.00
# Visual Studio Version 17
VisualStudioVersion = 17.14.36301.6
MinimumVisualStudioVersion = 10.0.40219.1
Project("{FAE04EC0-301F-11D3-BF4B-00C04F79EFBC}") = "NexusTemporalTest", "NexusTemporalTest.csproj", "{C2F26689-4CA1-407C-97C4-42BBA55376E9}"
EndProject
Project("{FAE04EC0-301F-11D3-BF4B-00C04F79EFBC}") = "NexusTemporal.AppHost", "NexusTemporal.AppHost\NexusTemporal.AppHost.csproj", "{354F85AE-6155-4F40-BDCD-E4B893F61B32}"
EndProject
Project("{FAE04EC0-301F-11D3-BF4B-00C04F79EFBC}") = "NexusTemporal.Tests", "NexusTemporal.Tests\NexusTemporal.Tests.csproj", "{5FD315C6-B335-4C8C-BB4B-22F3049A79B1}"
EndProject
Global
	GlobalSection(SolutionConfigurationPlatforms) = preSolution
		Debug|Any CPU = Debug|Any CPU
		Debug|x64 = Debug|x64
		Debug|x86 = Debug|x86
		Release|Any CPU = Release|Any CPU
		Release|x64 = Release|x64
		Release|x86 = Release|x86
	EndGlobalSection
	GlobalSection(ProjectConfigurationPlatforms) = postSolution
		{C2F26689-4CA1-407C-97C4-42BBA55376E9}.Debug|Any CPU.ActiveCfg = Debug|Any CPU
		{C2F26689-4CA1-407C-97C4-42BBA55376E9}.Debug|Any CPU.Build.0 = Debug|Any CPU
		{C2F26689-4CA1-407C-97C4-42BBA55376E9}.Debug|x64.ActiveCfg = Debug|Any CPU
		{C2F26689-4CA1-407C-97C4-42BBA55376E9}.Debug|x64.Build.0 = Debug|Any CPU
		{C2F26689-4CA1-407C-97C4-42BBA55376E9}.Debug|x86.ActiveCfg = Debug|Any CPU
		{C2F26689-4CA1-407C-97C4-42BBA55376E9}.Debug|x86.Build.0 = Debug|Any CPU
		{C2F26689-4CA1-407C-97C4-42BBA55376E9}.Release|Any CPU.ActiveCfg = Release|Any CPU
		{C2F26689-4CA1-407C-97C4-42BBA55376E9}.Release|Any CPU.Build.0 = Release|Any CPU
		{C2F26689-4CA1-407C-97C4-42BBA55376E9}.Release|x64.ActiveCfg = Release|Any CPU
		{C2F26689-4CA1-407C-97C4-42BBA55376E9}.Release|x64.Build.0 = Release|Any CPU
		{C2F26689-4CA1-407C-97C4-42BBA55376E9}.Release|x86.ActiveCfg = Release|Any CPU
		{C2F26689-4CA1-407C-97C4-42BBA55376E9}.Release|x86.Build.0 = Release|Any CPU
		{354F85AE-6155-4F40-BDCD-E4B893F61B32}.Debug|Any CPU.ActiveCfg = Debug|Any CPU
		{354F85AE-6155-4F40-BDCD-E4B893F61B32}.Debug|Any CPU.Build.0 = Debug|Any CPU
		{354F85AE-6155-4F40-BDCD-E4B893F61B32}.Debug|x64.ActiveCfg = Debug|Any CPU
		{354F85AE-6155-4F40-BDCD-E4B893F61B32}.Debug|x64.Build.0 = Debug|Any CPU
		{354F85AE-6155-4F40-BDCD-E4B893F61B32}.Debug|x86.ActiveCfg = Debug|Any CPU
		{354F85AE-6155-4F40-BDCD-E4B893F61B32}.Debug|x86.Build.0 = Debug|Any CPU
		{354F85AE-6155-4F40-BDCD-E4B893F61B32}.Release|Any CPU.ActiveCfg = Release|Any CPU
		{354F85AE-6155-4F40-BDCD-E4B893F61B32}.Release|Any CPU.Build.0 = Release|Any CPU
		{354F85AE-6155-4F40-BDCD-E4B893F61B32}.Release|x64.ActiveCfg = Release|Any CPU
		{354F85AE-6155-4F40-BDCD-E4B893F61B32}.Release|x64.Build.0 = Release|Any CPU
		{354F85AE-6155-4F40-BDCD-E4B893F61B32}.Release|x86.ActiveCfg = Release|Any CPU
		{354F85AE-6155-4F40-BDCD-E4B893F61B32}.Release|x86.Build.0 = Release|Any CPU
		{5FD315C6-B335-4C8C-BB4B-22F3049A79B1}.Debug|Any CPU.ActiveCfg = Debug|Any CPU
		{5FD315C6-B335-4C8C-BB4B-22F3049A79B1}.Debug|Any CPU.Build.0 = Debug|Any CPU
		{5FD315C6-B335-4C8C-BB4B-22F3049A79B1}.Debug|x64.ActiveCfg = Debug|Any CPU
		{5FD315C6-B335-4C8C-BB4B-22F3049A79B1}.Debug|x64.Build.0 = Debug|Any CPU
		{5FD315C6-B335-4C8C-BB4B-22F3049A79B1}.Debug|x86.ActiveCfg = Debug|Any CPU
		{5FD315C6-B335-4C8C-BB4B-22F3049A79B1}.Debug|x86.Build.0 = Debug|Any CPU
		{5FD315C6-B335-4C8C-BB4B-22F3049A79B1}.Release|Any CPU.ActiveCfg = Release|Any CPU
		{5FD315C6-B335-4C8C-BB4B-22F3049A79B1}.Release|Any CPU.Build.0 = Release|Any CPU
		{5FD315C6-B335-4C8C-BB4B-22F3049A79B1}.Release|x64.ActiveCfg = Release|Any CPU
		{5FD315C6-B335-4C8C-BB4B-22F3049A79B1}.Release|x64.Build.0 = Release|Any CPU
		{5FD315C6-B335-4C8C-BB4B-22F3049A79B1}.Release|x86.ActiveCfg = Release|Any CPU
		{5FD315C6-B335-4C8C-BB4B-22F3049A79B1}.Release|x86.Build.0 = Release|Any CPU
	EndGlobalSection
	GlobalSection(SolutionProperties) = preSolution
		HideSolutionNode = FALSE
	EndGlobalSection
	GlobalSection(ExtensibilityGlobals) = postSolution
		SolutionGuid = {49A75A47-DC0B-4E54-971D-798CAADC0F30}
	EndGlobalSection
EndGlobal
